<?xml version="1.0" encoding="utf-8"?>
<Project ToolsVersion="4.0" xmlns="http://schemas.microsoft.com/developer/msbuild/2003">
  <ItemGroup>
    <Filter Include="Source Files">
      <UniqueIdentifier>{4FC737F1-C7A5-4376-A066-2A32D752A2FF}</UniqueIdentifier>
      <Extensions>cpp;c;cc;cxx;def;odl;idl;hpj;bat;asm;asmx</Extensions>
    </Filter>
    <Filter Include="Header Files">
      <UniqueIdentifier>{93995380-89BD-4b04-88EB-625FBE52EBFB}</UniqueIdentifier>
      <Extensions>h;hpp;hxx;hm;inl;inc;xsd</Extensions>
    </Filter>
    <Filter Include="Resource Files">
      <UniqueIdentifier>{67DA6AB6-F800-4c08-8B7A-83BB121AAD01}</UniqueIdentifier>
      <Extensions>rc;ico;cur;bmp;dlg;rc2;rct;bin;rgs;gif;jpg;jpeg;jpe;resx;tiff;tif;png;wav;mfcribbon-ms</Extensions>
    </Filter>
    <Filter Include="LuaBridge">
      <UniqueIdentifier>{c8ff9fdd-8980-4cdc-9119-9516ef9d3d75}</UniqueIdentifier>
    </Filter>
  </ItemGroup>
  <ItemGroup>
    <ClCompile Include="..\..\src\main.cpp">
      <Filter>Source Files</Filter>
    </ClCompile>
    <ClCompile Include="..\..\src\GameState.cpp">
      <Filter>Source Files</Filter>
    </ClCompile>
    <ClCompile Include="..\..\src\Player.cpp">
      <Filter>Source Files</Filter>
    </ClCompile>
    <ClCompile Include="..\..\src\Entity.cpp">
      <Filter>Source Files</Filter>
    </ClCompile>
    <ClCompile Include="..\..\src\Sprite.cpp">
      <Filter>Source Files</Filter>
    </ClCompile>
    <ClCompile Include="..\..\src\Enemy.cpp">
      <Filter>Source Files</Filter>
    </ClCompile>
    <ClCompile Include="..\..\src\Dollar.cpp">
      <Filter>Source Files</Filter>
    </ClCompile>
    <ClCompile Include="..\..\src\Button.cpp">
      <Filter>Source Files</Filter>
    </ClCompile>
    <ClCompile Include="..\..\src\Text.cpp">
      <Filter>Source Files</Filter>
    </ClCompile>
    <ClCompile Include="..\..\src\Rock.cpp">
      <Filter>Source Files</Filter>
    </ClCompile>
    <ClCompile Include="..\..\src\FPS.cpp">
      <Filter>Source Files</Filter>
    </ClCompile>
    <ClCompile Include="..\..\src\Log.cpp">
      <Filter>Source Files</Filter>
    </ClCompile>
    <ClCompile Include="..\..\src\Filesystem.cpp">
      <Filter>Source Files</Filter>
    </ClCompile>
    <ClCompile Include="..\..\src\KeySet.cpp">
      <Filter>Source Files</Filter>
    </ClCompile>
    <ClCompile Include="..\..\src\Gameconfig.cpp">
      <Filter>Source Files</Filter>
    </ClCompile>
    <ClCompile Include="..\..\src\GameEngine.cpp">
      <Filter>Source Files</Filter>
    </ClCompile>
    <ClCompile Include="..\..\src\AbstractState.cpp">
      <Filter>Source Files</Filter>
    </ClCompile>
    <ClCompile Include="..\..\src\EntityManager.cpp">
      <Filter>Source Files</Filter>
    </ClCompile>
  </ItemGroup>
  <ItemGroup>
    <ClInclude Include="..\..\src\Entity.hpp">
      <Filter>Header Files</Filter>
    </ClInclude>
    <ClInclude Include="..\..\src\Filesystem.hpp">
      <Filter>Header Files</Filter>
    </ClInclude>
    <ClInclude Include="..\..\src\FPS.hpp">
      <Filter>Header Files</Filter>
    </ClInclude>
    <ClInclude Include="..\..\src\Gameconfig.hpp">
      <Filter>Header Files</Filter>
    </ClInclude>
    <ClInclude Include="..\..\src\GameState.hpp">
      <Filter>Header Files</Filter>
    </ClInclude>
    <ClInclude Include="..\..\src\KeySet.hpp">
      <Filter>Header Files</Filter>
    </ClInclude>
    <ClInclude Include="..\..\src\Log.hpp">
      <Filter>Header Files</Filter>
    </ClInclude>
    <ClInclude Include="..\..\src\Player.hpp">
      <Filter>Header Files</Filter>
    </ClInclude>
    <ClInclude Include="..\..\src\Rock.hpp">
      <Filter>Header Files</Filter>
    </ClInclude>
    <ClInclude Include="..\..\src\Sprite.hpp">
      <Filter>Header Files</Filter>
    </ClInclude>
    <ClInclude Include="..\..\src\Text.hpp">
      <Filter>Header Files</Filter>
    </ClInclude>
    <ClInclude Include="..\..\src\AbstractState.hpp">
      <Filter>Header Files</Filter>
    </ClInclude>
    <ClInclude Include="..\..\src\Button.hpp">
      <Filter>Header Files</Filter>
    </ClInclude>
    <ClInclude Include="..\..\src\Dollar.hpp">
      <Filter>Header Files</Filter>
    </ClInclude>
    <ClInclude Include="..\..\src\Enemy.hpp">
      <Filter>Header Files</Filter>
    </ClInclude>
    <ClInclude Include="..\..\src\LuaBridge\detail\CFunctions.h">
      <Filter>LuaBridge</Filter>
    </ClInclude>
    <ClInclude Include="..\..\src\LuaBridge\detail\ClassInfo.h">
      <Filter>LuaBridge</Filter>
    </ClInclude>
    <ClInclude Include="..\..\src\LuaBridge\detail\Constructor.h">
      <Filter>LuaBridge</Filter>
    </ClInclude>
    <ClInclude Include="..\..\src\LuaBridge\detail\FuncTraits.h">
      <Filter>LuaBridge</Filter>
    </ClInclude>
    <ClInclude Include="..\..\src\LuaBridge\detail\Iterator.h">
      <Filter>LuaBridge</Filter>
    </ClInclude>
    <ClInclude Include="..\..\src\LuaBridge\detail\LuaException.h">
      <Filter>LuaBridge</Filter>
    </ClInclude>
    <ClInclude Include="..\..\src\LuaBridge\detail\LuaHelpers.h">
      <Filter>LuaBridge</Filter>
    </ClInclude>
    <ClInclude Include="..\..\src\LuaBridge\detail\LuaRef.h">
      <Filter>LuaBridge</Filter>
    </ClInclude>
    <ClInclude Include="..\..\src\LuaBridge\detail\Namespace.h">
      <Filter>LuaBridge</Filter>
    </ClInclude>
    <ClInclude Include="..\..\src\LuaBridge\RefCountedObject.h">
      <Filter>LuaBridge</Filter>
    </ClInclude>
    <ClInclude Include="..\..\src\LuaBridge\RefCountedPtr.h">
      <Filter>LuaBridge</Filter>
    </ClInclude>
    <ClInclude Include="..\..\src\LuaBridge\detail\TypeList.h">
      <Filter>LuaBridge</Filter>
    </ClInclude>
    <ClInclude Include="..\..\src\LuaBridge\detail\TypeTraits.h">
      <Filter>LuaBridge</Filter>
    </ClInclude>
    <ClInclude Include="..\..\src\LuaBridge\detail\Userdata.h">
      <Filter>LuaBridge</Filter>
    </ClInclude>
    <ClInclude Include="..\..\src\LuaBridge\LuaBridge.h">
      <Filter>LuaBridge</Filter>
    </ClInclude>
    <ClInclude Include="..\..\src\LuaBridge\detail\Stack.h">
      <Filter>LuaBridge</Filter>
    </ClInclude>
    <ClInclude Include="..\..\src\GameEngine.hpp">
      <Filter>Header Files</Filter>
    </ClInclude>
    <ClInclude Include="..\..\src\LuaBridge\detail\dump.h">
      <Filter>LuaBridge</Filter>
    </ClInclude>
    <ClInclude Include="..\..\src\EntityManager.h">
      <Filter>Header Files</Filter>
    </ClInclude>
  </ItemGroup>
</Project>