<?xml version="1.0" encoding="utf-8"?>
<Project ToolsVersion="4.0" xmlns="http://schemas.microsoft.com/developer/msbuild/2003">
  <ItemGroup>
    <Filter Include="Source Files">
      <UniqueIdentifier>{4FC737F1-C7A5-4376-A066-2A32D752A2FF}</UniqueIdentifier>
      <Extensions>cpp;c;cc;cxx;def;odl;idl;hpj;bat;asm;asmx</Extensions>
    </Filter>
    <Filter Include="Header Files">
      <UniqueIdentifier>{93995380-89BD-4b04-88EB-625FBE52EBFB}</UniqueIdentifier>
      <Extensions>h;hpp;hxx;hm;inl;inc;xsd</Extensions>
    </Filter>
    <Filter Include="LuaBridge">
      <UniqueIdentifier>{c8ff9fdd-8980-4cdc-9119-9516ef9d3d75}</UniqueIdentifier>
    </Filter>
    <Filter Include="TinyXML">
      <UniqueIdentifier>{128361a0-5c5d-45aa-888b-2d60e453e898}</UniqueIdentifier>
    </Filter>
    <Filter Include="Header Files\Core">
      <UniqueIdentifier>{d77f79ad-d689-4f7d-8505-4f5fe06771e1}</UniqueIdentifier>
    </Filter>
    <Filter Include="Header Files\Entity">
      <UniqueIdentifier>{06470432-120c-426e-a8cd-a01ab4d4615a}</UniqueIdentifier>
    </Filter>
    <Filter Include="Header Files\Graphics">
      <UniqueIdentifier>{0c52f808-1d4f-4fd1-b9a0-df5e0aa6346d}</UniqueIdentifier>
    </Filter>
    <Filter Include="Header Files\Utils">
      <UniqueIdentifier>{629b9a18-1ba1-44a0-a0f2-e1f4fe33d3aa}</UniqueIdentifier>
    </Filter>
    <Filter Include="Source Files\Core">
      <UniqueIdentifier>{abb655ad-9a76-4f6e-8958-274df9324ce4}</UniqueIdentifier>
    </Filter>
    <Filter Include="Source Files\Entity">
      <UniqueIdentifier>{d0b24e95-1ead-461a-8fd0-dd86b0a4a08b}</UniqueIdentifier>
    </Filter>
    <Filter Include="Header Files\Event">
      <UniqueIdentifier>{27492668-7d26-4851-91ac-7dfbff84e31f}</UniqueIdentifier>
    </Filter>
    <Filter Include="Source Files\Event">
      <UniqueIdentifier>{bc796124-34e2-446b-b4f5-3e3507b45665}</UniqueIdentifier>
    </Filter>
  </ItemGroup>
  <ItemGroup>
    <ClCompile Include="..\..\include\TinyXML\tinyxml2.cpp">
      <Filter>TinyXML</Filter>
    </ClCompile>
    <ClCompile Include="..\..\src\LawyerRace\Core\GameState.cpp">
      <Filter>Source Files\Core</Filter>
    </ClCompile>
    <ClCompile Include="..\..\src\LawyerRace\Core\main.cpp">
      <Filter>Source Files\Core</Filter>
    </ClCompile>
    <ClCompile Include="..\..\src\LawyerRace\Entity\Dollar.cpp">
      <Filter>Source Files\Entity</Filter>
    </ClCompile>
    <ClCompile Include="..\..\src\LawyerRace\Entity\Enemy.cpp">
      <Filter>Source Files\Entity</Filter>
    </ClCompile>
    <ClCompile Include="..\..\src\LawyerRace\Entity\Player.cpp">
      <Filter>Source Files\Entity</Filter>
    </ClCompile>
    <ClCompile Include="..\..\src\LawyerRace\Entity\Rock.cpp">
      <Filter>Source Files\Entity</Filter>
    </ClCompile>
    <ClCompile Include="..\..\src\LawyerRace\Core\MenuState.cpp">
      <Filter>Source Files\Core</Filter>
    </ClCompile>
    <ClCompile Include="..\..\src\LawyerRace\Entity\AbstractEntity.cpp">
      <Filter>Source Files\Entity</Filter>
    </ClCompile>
    <ClCompile Include="..\..\src\LawyerRace\Core\LawyerRace.cpp">
      <Filter>Source Files\Core</Filter>
    </ClCompile>
    <ClCompile Include="..\..\src\LawyerRace\Core\Config.cpp">
      <Filter>Source Files\Core</Filter>
    </ClCompile>
    <ClCompile Include="..\..\src\LawyerRace\Event\EventCondition.cpp">
      <Filter>Source Files\Event</Filter>
    </ClCompile>
    <ClCompile Include="..\..\src\LawyerRace\Event\Trigger.cpp">
      <Filter>Source Files\Event</Filter>
    </ClCompile>
    <ClCompile Include="..\..\src\LawyerRace\Event\KeyboardTrigger.cpp">
      <Filter>Source Files\Event</Filter>
    </ClCompile>
    <ClCompile Include="..\..\src\LawyerRace\Core\PlayerControls.cpp">
      <Filter>Source Files\Core</Filter>
    </ClCompile>
  </ItemGroup>
  <ItemGroup>
    <ClInclude Include="..\..\include\TinyXML\tinyxml2.h">
      <Filter>TinyXML</Filter>
    </ClInclude>
    <ClInclude Include="..\..\include\LuaBridge\detail\CFunctions.h">
      <Filter>LuaBridge</Filter>
    </ClInclude>
    <ClInclude Include="..\..\include\LuaBridge\detail\ClassInfo.h">
      <Filter>LuaBridge</Filter>
    </ClInclude>
    <ClInclude Include="..\..\include\LuaBridge\detail\Constructor.h">
      <Filter>LuaBridge</Filter>
    </ClInclude>
    <ClInclude Include="..\..\include\LuaBridge\detail\dump.h">
      <Filter>LuaBridge</Filter>
    </ClInclude>
    <ClInclude Include="..\..\include\LuaBridge\detail\FuncTraits.h">
      <Filter>LuaBridge</Filter>
    </ClInclude>
    <ClInclude Include="..\..\include\LuaBridge\detail\Iterator.h">
      <Filter>LuaBridge</Filter>
    </ClInclude>
    <ClInclude Include="..\..\include\LuaBridge\detail\LuaException.h">
      <Filter>LuaBridge</Filter>
    </ClInclude>
    <ClInclude Include="..\..\include\LuaBridge\detail\LuaHelpers.h">
      <Filter>LuaBridge</Filter>
    </ClInclude>
    <ClInclude Include="..\..\include\LuaBridge\detail\LuaRef.h">
      <Filter>LuaBridge</Filter>
    </ClInclude>
    <ClInclude Include="..\..\include\LuaBridge\detail\Namespace.h">
      <Filter>LuaBridge</Filter>
    </ClInclude>
    <ClInclude Include="..\..\include\LuaBridge\detail\Stack.h">
      <Filter>LuaBridge</Filter>
    </ClInclude>
    <ClInclude Include="..\..\include\LuaBridge\detail\TypeList.h">
      <Filter>LuaBridge</Filter>
    </ClInclude>
    <ClInclude Include="..\..\include\LuaBridge\detail\TypeTraits.h">
      <Filter>LuaBridge</Filter>
    </ClInclude>
    <ClInclude Include="..\..\include\LuaBridge\detail\Userdata.h">
      <Filter>LuaBridge</Filter>
    </ClInclude>
    <ClInclude Include="..\..\include\LuaBridge\LuaBridge.h">
      <Filter>LuaBridge</Filter>
    </ClInclude>
    <ClInclude Include="..\..\include\LuaBridge\RefCountedObject.h">
      <Filter>LuaBridge</Filter>
    </ClInclude>
    <ClInclude Include="..\..\include\LuaBridge\RefCountedPtr.h">
      <Filter>LuaBridge</Filter>
    </ClInclude>
    <ClInclude Include="..\..\include\LawyerRace\Core\GameState.hpp">
      <Filter>Header Files\Core</Filter>
    </ClInclude>
    <ClInclude Include="..\..\include\LawyerRace\Entity\Dollar.hpp">
      <Filter>Header Files\Entity</Filter>
    </ClInclude>
    <ClInclude Include="..\..\include\LawyerRace\Entity\Enemy.hpp">
      <Filter>Header Files\Entity</Filter>
    </ClInclude>
    <ClInclude Include="..\..\include\LawyerRace\Entity\Player.hpp">
      <Filter>Header Files\Entity</Filter>
    </ClInclude>
    <ClInclude Include="..\..\include\LawyerRace\Entity\Rock.hpp">
      <Filter>Header Files\Entity</Filter>
    </ClInclude>
    <ClInclude Include="..\..\include\LawyerRace\Utils\PositionHelper.hpp">
      <Filter>Header Files\Utils</Filter>
    </ClInclude>
    <ClInclude Include="..\..\include\LawyerRace\Core\MenuState.hpp">
      <Filter>Header Files\Core</Filter>
    </ClInclude>
    <ClInclude Include="..\..\include\LawyerRace\Entity\AbstractEntity.hpp">
      <Filter>Header Files\Entity</Filter>
    </ClInclude>
    <ClInclude Include="..\..\include\LawyerRace\Core\LawyerRace.hpp">
      <Filter>Header Files\Core</Filter>
    </ClInclude>
    <ClInclude Include="..\..\include\LawyerRace\Core\AbstractState.hpp">
      <Filter>Header Files\Core</Filter>
    </ClInclude>
    <ClInclude Include="..\..\include\LawyerRace\Core\Config.hpp">
      <Filter>Header Files\Core</Filter>
    </ClInclude>
    <ClInclude Include="..\..\include\LawyerRace\Graphics\Sprite.hpp">
      <Filter>Header Files\Graphics</Filter>
    </ClInclude>
    <ClInclude Include="..\..\include\LawyerRace\Event\EventCondition.hpp">
      <Filter>Header Files\Event</Filter>
    </ClInclude>
    <ClInclude Include="..\..\include\LawyerRace\Event\Trigger.hpp">
      <Filter>Header Files\Event</Filter>
    </ClInclude>
    <ClInclude Include="..\..\include\LawyerRace\Core\PlayerControls.hpp">
      <Filter>Header Files\Core</Filter>
    </ClInclude>
  </ItemGroup>
</Project>